
Microsoft Visual Studio Solution File, Format Version 12.00
# Visual Studio Version 17
VisualStudioVersion = 17.2.32516.85
MinimumVisualStudioVersion = 10.0.40219.1
Project("{FAE04EC0-301F-11D3-BF4B-00C04F79EFBC}") = "RiotCloudflareAuthFix", "RiotCloudflareAuthFix\RiotCloudflareAuthFix.csproj", "{FA35599A-1B85-40AD-AD92-02C80094DA79}"
EndProject
Project("{FAE04EC0-301F-11D3-BF4B-00C04F79EFBC}") = "RiotCloudflareAuthFixConsole", "RiotCloudflareAuthFixConsole\RiotCloudflareAuthFixConsole.csproj", "{1A7F5B35-B5AA-40EF-AF4B-A8878AA99FE3}"
EndProject
Global
	GlobalSection(SolutionConfigurationPlatforms) = preSolution
		Debug|Any CPU = Debug|Any CPU
		Release|Any CPU = Release|Any CPU
	EndGlobalSection
	GlobalSection(ProjectConfigurationPlatforms) = postSolution
		{FA35599A-1B85-40AD-AD92-02C80094DA79}.Debug|Any CPU.ActiveCfg = Debug|Any CPU
		{FA35599A-1B85-40AD-AD92-02C80094DA79}.Debug|Any CPU.Build.0 = Debug|Any CPU
		{FA35599A-1B85-40AD-AD92-02C80094DA79}.Release|Any CPU.ActiveCfg = Release|Any CPU
		{FA35599A-1B85-40AD-AD92-02C80094DA79}.Release|Any CPU.Build.0 = Release|Any CPU
		{1A7F5B35-B5AA-40EF-AF4B-A8878AA99FE3}.Debug|Any CPU.ActiveCfg = Debug|Any CPU
		{1A7F5B35-B5AA-40EF-AF4B-A8878AA99FE3}.Debug|Any CPU.Build.0 = Debug|Any CPU
		{1A7F5B35-B5AA-40EF-AF4B-A8878AA99FE3}.Release|Any CPU.ActiveCfg = Release|Any CPU
		{1A7F5B35-B5AA-40EF-AF4B-A8878AA99FE3}.Release|Any CPU.Build.0 = Release|Any CPU
	EndGlobalSection
	GlobalSection(SolutionProperties) = preSolution
		HideSolutionNode = FALSE
	EndGlobalSection
	GlobalSection(ExtensibilityGlobals) = postSolution
		SolutionGuid = {95A90F53-320F-41D6-A81D-5EBB394D4259}
	EndGlobalSection
EndGlobal
